// !$*UTF8*$!
{
	archiveVersion = 1;
	classes = {
	};
	objectVersion = 46;
	objects = {

/* Begin PBXBuildFile section */
		EFFE02B01D75619300251B93 /* main.m in Sources */ = {isa = PBXBuildFile; fileRef = EFFE02AF1D75619300251B93 /* main.m */; };
		EFFE02BF1D75643D00251B93 /* NSObject+Thingie.m in Sources */ = {isa = PBXBuildFile; fileRef = EFFE02BE1D75643D00251B93 /* NSObject+Thingie.m */; };
/* End PBXBuildFile section */

/* Begin PBXCopyFilesBuildPhase section */
		EFFE02AA1D75619300251B93 /* CopyFiles */ = {
			isa = PBXCopyFilesBuildPhase;
			buildActionMask = 2147483647;
			dstPath = /usr/share/man/man1/;
			dstSubfolderSpec = 0;
			files = (
			);
			runOnlyForDeploymentPostprocessing = 1;
		};
/* End PBXCopyFilesBuildPhase section */

/* Begin PBXFileReference section */
		EFFE02AC1D75619300251B93 /* SimpleEncoding */ = {isa = PBXFileReference; explicitFileType = "compiled.mach-o.executable"; includeInIndex = 0; path = SimpleEncoding; sourceTree = BUILT_PRODUCTS_DIR; };
		EFFE02AF1D75619300251B93 /* main.m */ = {isa = PBXFileReference; lastKnownFileType = sourcecode.c.objc; path = main.m; sourceTree = "<group>"; };
		EFFE02BD1D75643D00251B93 /* NSObject+Thingie.h */ = {isa = PBXFileReference; fileEncoding = 4; lastKnownFileType = sourcecode.c.h; path = "NSObject+Thingie.h"; sourceTree = "<group>"; };
		EFFE02BE1D75643D00251B93 /* NSObject+Thingie.m */ = {isa = PBXFileReference; fileEncoding = 4; lastKnownFileType = sourcecode.c.objc; path = "NSObject+Thingie.m"; sourceTree = "<group>"; };
/* End PBXFileReference section */

/* Begin PBXFrameworksBuildPhase section */
		EFFE02A91D75619300251B93 /* Frameworks */ = {
			isa = PBXFrameworksBuildPhase;
			buildActionMask = 2147483647;
			files = (
			);
			runOnlyForDeploymentPostprocessing = 0;
		};
/* End PBXFrameworksBuildPhase section */

/* Begin PBXGroup section */
		EFFE02A31D75619300251B93 = {
			isa = PBXGroup;
			children = (
				EFFE02AE1D75619300251B93 /* SimpleEncoding */,
				EFFE02AD1D75619300251B93 /* Products */,
			);
			sourceTree = "<group>";
		};
		EFFE02AD1D75619300251B93 /* Products */ = {
			isa = PBXGroup;
			children = (
				EFFE02AC1D75619300251B93 /* SimpleEncoding */,
			);
			name = Products;
			sourceTree = "<group>";
		};
		EFFE02AE1D75619300251B93 /* SimpleEncoding */ = {
			isa = PBXGroup;
			children = (
				EFFE02AF1D75619300251B93 /* main.m */,
				EFFE02BD1D75643D00251B93 /* NSObject+Thingie.h */,
				EFFE02BE1D75643D00251B93 /* NSObject+Thingie.m */,
			);
			path = SimpleEncoding;
			sourceTree = "<group>";
		};
/* End PBXGroup section */

/* Begin PBXNativeTarget section */
		EFFE02AB1D75619300251B93 /* SimpleEncoding */ = {
			isa = PBXNativeTarget;
			buildConfigurationList = EFFE02B31D75619300251B93 /* Build configuration list for PBXNativeTarget "SimpleEncoding" */;
			buildPhases = (
				EFFE02A81D75619300251B93 /* Sources */,
				EFFE02A91D75619300251B93 /* Frameworks */,
				EFFE02AA1D75619300251B93 /* CopyFiles */,
			);
			buildRules = (
			);
			dependencies = (
			);
			name = SimpleEncoding;
			productName = SimpleEncoding;
			productReference = EFFE02AC1D75619300251B93 /* SimpleEncoding */;
			productType = "com.apple.product-type.tool";
		};
/* End PBXNativeTarget section */

/* Begin PBXProject section */
		EFFE02A41D75619300251B93 /* Project object */ = {
			isa = PBXProject;
			attributes = {
				LastUpgradeCheck = 0730;
				ORGANIZATIONNAME = andyron;
				TargetAttributes = {
					EFFE02AB1D75619300251B93 = {
						CreatedOnToolsVersion = 7.3.1;
					};
				};
			};
			buildConfigurationList = EFFE02A71D75619300251B93 /* Build configuration list for PBXProject "SimpleEncoding" */;
			compatibilityVersion = "Xcode 3.2";
			developmentRegion = English;
			hasScannedForEncodings = 0;
			knownRegions = (
				en,
			);
			mainGroup = EFFE02A31D75619300251B93;
			productRefGroup = EFFE02AD1D75619300251B93 /* Products */;
			projectDirPath = "";
			projectRoot = "";
			targets = (
				EFFE02AB1D75619300251B93 /* SimpleEncoding */,
			);
		};
/* End PBXProject section */

/* Begin PBXSourcesBuildPhase section */
		EFFE02A81D75619300251B93 /* Sources */ = {
			isa = PBXSourcesBuildPhase;
			buildActionMask = 2147483647;
			files = (
				EFFE02BF1D75643D00251B93 /* NSObject+Thingie.m in Sources */,
				EFFE02B01D75619300251B93 /* main.m in Sources */,
			);
			runOnlyForDeploymentPostprocessing = 0;
		};
/* End PBXSourcesBuildPhase section */

/* Begin XCBuildConfiguration section */
		EFFE02B11D75619300251B93 /* Debug */ = {
			isa = XCBuildConfiguration;
			buildSettings = {
				ALWAYS_SEARCH_USER_PATHS = NO;
				CLANG_ANALYZER_NONNULL = YES;
				CLANG_CXX_LANGUAGE_STANDARD = "gnu++0x";
				CLANG_CXX_LIBRARY = "libc++";
				CLANG_ENABLE_MODULES = YES;
				CLANG_ENABLE_OBJC_ARC = YES;
				CLANG_WARN_BOOL_CONVERSION = YES;
				CLANG_WARN_CONSTANT_CONVERSION = YES;
				CLANG_WARN_DIRECT_OBJC_ISA_USAGE = YES_ERROR;
				CLANG_WARN_EMPTY_BODY = YES;
				CLANG_WARN_ENUM_CONVERSION = YES;
				CLANG_WARN_INT_CONVERSION = YES;
				CLANG_WARN_OBJC_ROOT_CLASS = YES_ERROR;
				CLANG_WARN_UNREACHABLE_CODE = YES;
				CLANG_WARN__DUPLICATE_METHOD_MATCH = YES;
				CODE_SIGN_IDENTITY = "-";
				COPY_PHASE_STRIP = NO;
				DEBUG_INFORMATION_FORMAT = dwarf;
				ENABLE_STRICT_OBJC_MSGSEND = YES;
				ENABLE_TESTABILITY = YES;
				GCC_C_LANGUAGE_STANDARD = gnu99;
				GCC_DYNAMIC_NO_PIC = NO;
				GCC_NO_COMMON_BLOCKS = YES;
				GCC_OPTIMIZATION_LEVEL = 0;
				GCC_PREPROCESSOR_DEFINITIONS = (
					"DEBUG=1",
					"$(inherited)",
				);
				GCC_WARN_64_TO_32_BIT_CONVERSION = YES;
				GCC_WARN_ABOUT_RETURN_TYPE = YES_ERROR;
				GCC_WARN_UNDECLARED_SELECTOR = YES;
				GCC_WARN_UNINITIALIZED_AUTOS = YES_AGGRESSIVE;
				GCC_WARN_UNUSED_FUNCTION = YES;
				GCC_WARN_UNUSED_VARIABLE = YES;
				MACOSX_DEPLOYMENT_TARGET = 10.11;
				MTL_ENABLE_DEBUG_INFO = YES;
				ONLY_ACTIVE_ARCH = YES;
				SDKROOT = macosx;
			};
			name = Debug;
		};
		EFFE02B21D75619300251B93 /* Release */ = {
			isa = XCBuildConfiguration;
			buildSettings = {
				ALWAYS_SEARCH_USER_PATHS = NO;
				CLANG_ANALYZER_NONNULL = YES;
				CLANG_CXX_LANGUAGE_STANDARD = "gnu++0x";
				CLANG_CXX_LIBRARY = "libc++";
				CLANG_ENABLE_MODULES = YES;
				CLANG_ENABLE_OBJC_ARC = YES;
				CLANG_WARN_BOOL_CONVERSION = YES;
				CLANG_WARN_CONSTANT_CONVERSION = YES;
				CLANG_WARN_DIRECT_OBJC_ISA_USAGE = YES_ERROR;
				CLANG_WARN_EMPTY_BODY = YES;
				CLANG_WARN_ENUM_CONVERSION = YES;
				CLANG_WARN_INT_CONVERSION = YES;
				CLANG_WARN_OBJC_ROOT_CLASS = YES_ERROR;
				CLANG_WARN_UNREACHABLE_CODE = YES;
				CLANG_WARN__DUPLICATE_METHOD_MATCH = YES;
				CODE_SIGN_IDENTITY = "-";
				COPY_PHASE_STRIP = NO;
				DEBUG_INFORMATION_FORMAT = "dwarf-with-dsym";
				ENABLE_NS_ASSERTIONS = NO;
				ENABLE_STRICT_OBJC_MSGSEND = YES;
				GCC_C_LANGUAGE_STANDARD = gnu99;
				GCC_NO_COMMON_BLOCKS = YES;
				GCC_WARN_64_TO_32_BIT_CONVERSION = YES;
				GCC_WARN_ABOUT_RETURN_TYPE = YES_ERROR;
				GCC_WARN_UNDECLARED_SELECTOR = YES;
				GCC_WARN_UNINITIALIZED_AUTOS = YES_AGGRESSIVE;
				GCC_WARN_UNUSED_FUNCTION = YES;
				GCC_WARN_UNUSED_VARIABLE = YES;
				MACOSX_DEPLOYMENT_TARGET = 10.11;
				MTL_ENABLE_DEBUG_INFO = NO;
				SDKROOT = macosx;
			};
			name = Release;
		};
		EFFE02B41D75619300251B93 /* Debug */ = {
			isa = XCBuildConfiguration;
			buildSettings = {
				PRODUCT_NAME = "$(TARGET_NAME)";
			};
			name = Debug;
		};
		EFFE02B51D75619300251B93 /* Release */ = {
			isa = XCBuildConfiguration;
			buildSettings = {
				PRODUCT_NAME = "$(TARGET_NAME)";
			};
			name = Release;
		};
/* End XCBuildConfiguration section */

/* Begin XCConfigurationList section */
		EFFE02A71D75619300251B93 /* Build configuration list for PBXProject "SimpleEncoding" */ = {
			isa = XCConfigurationList;
			buildConfigurations = (
				EFFE02B11D75619300251B93 /* Debug */,
				EFFE02B21D75619300251B93 /* Release */,
			);
			defaultConfigurationIsVisible = 0;
			defaultConfigurationName = Release;
		};
		EFFE02B31D75619300251B93 /* Build configuration list for PBXNativeTarget "SimpleEncoding" */ = {
			isa = XCConfigurationList;
			buildConfigurations = (
				EFFE02B41D75619300251B93 /* Debug */,
				EFFE02B51D75619300251B93 /* Release */,
			);
			defaultConfigurationIsVisible = 0;
		};
/* End XCConfigurationList section */
	};
	rootObject = EFFE02A41D75619300251B93 /* Project object */;
}
