// !$*UTF8*$!
{
	archiveVersion = 1;
	classes = {
	};
	objectVersion = 46;
	objects = {

/* Begin PBXBuildFile section */
		EF41F61D1C705A7B0010A911 /* main.m in Sources */ = {isa = PBXBuildFile; fileRef = EF41F61C1C705A7B0010A911 /* main.m */; };
		EF41F6251C705A9F0010A911 /* CategoryThing.m in Sources */ = {isa = PBXBuildFile; fileRef = EF41F6241C705A9F0010A911 /* CategoryThing.m */; };
		EF41F6271C705D980010A911 /* Thing1.m in Sources */ = {isa = PBXBuildFile; fileRef = EF41F6261C705D980010A911 /* Thing1.m */; };
		EF41F6291C705E970010A911 /* Thing2.m in Sources */ = {isa = PBXBuildFile; fileRef = EF41F6281C705E970010A911 /* Thing2.m */; };
		EF41F62B1C705EF00010A911 /* Thing3.m in Sources */ = {isa = PBXBuildFile; fileRef = EF41F62A1C705EF00010A911 /* Thing3.m */; };
/* End PBXBuildFile section */

/* Begin PBXCopyFilesBuildPhase section */
		EF41F6171C705A7B0010A911 /* CopyFiles */ = {
			isa = PBXCopyFilesBuildPhase;
			buildActionMask = 2147483647;
			dstPath = /usr/share/man/man1/;
			dstSubfolderSpec = 0;
			files = (
			);
			runOnlyForDeploymentPostprocessing = 1;
		};
/* End PBXCopyFilesBuildPhase section */

/* Begin PBXFileReference section */
		EF41F6191C705A7B0010A911 /* CategoryThing */ = {isa = PBXFileReference; explicitFileType = "compiled.mach-o.executable"; includeInIndex = 0; path = CategoryThing; sourceTree = BUILT_PRODUCTS_DIR; };
		EF41F61C1C705A7B0010A911 /* main.m */ = {isa = PBXFileReference; lastKnownFileType = sourcecode.c.objc; path = main.m; sourceTree = "<group>"; };
		EF41F6231C705A9F0010A911 /* CategoryThing.h */ = {isa = PBXFileReference; fileEncoding = 4; lastKnownFileType = sourcecode.c.h; path = CategoryThing.h; sourceTree = "<group>"; };
		EF41F6241C705A9F0010A911 /* CategoryThing.m */ = {isa = PBXFileReference; fileEncoding = 4; lastKnownFileType = sourcecode.c.objc; path = CategoryThing.m; sourceTree = "<group>"; };
		EF41F6261C705D980010A911 /* Thing1.m */ = {isa = PBXFileReference; fileEncoding = 4; lastKnownFileType = sourcecode.c.objc; path = Thing1.m; sourceTree = "<group>"; };
		EF41F6281C705E970010A911 /* Thing2.m */ = {isa = PBXFileReference; fileEncoding = 4; lastKnownFileType = sourcecode.c.objc; path = Thing2.m; sourceTree = "<group>"; };
		EF41F62A1C705EF00010A911 /* Thing3.m */ = {isa = PBXFileReference; fileEncoding = 4; lastKnownFileType = sourcecode.c.objc; path = Thing3.m; sourceTree = "<group>"; };
/* End PBXFileReference section */

/* Begin PBXFrameworksBuildPhase section */
		EF41F6161C705A7B0010A911 /* Frameworks */ = {
			isa = PBXFrameworksBuildPhase;
			buildActionMask = 2147483647;
			files = (
			);
			runOnlyForDeploymentPostprocessing = 0;
		};
/* End PBXFrameworksBuildPhase section */

/* Begin PBXGroup section */
		EF41F6101C705A7B0010A911 = {
			isa = PBXGroup;
			children = (
				EF41F6231C705A9F0010A911 /* CategoryThing.h */,
				EF41F6261C705D980010A911 /* Thing1.m */,
				EF41F6281C705E970010A911 /* Thing2.m */,
				EF41F62A1C705EF00010A911 /* Thing3.m */,
				EF41F6241C705A9F0010A911 /* CategoryThing.m */,
				EF41F61B1C705A7B0010A911 /* CategoryThing */,
				EF41F61A1C705A7B0010A911 /* Products */,
			);
			sourceTree = "<group>";
		};
		EF41F61A1C705A7B0010A911 /* Products */ = {
			isa = PBXGroup;
			children = (
				EF41F6191C705A7B0010A911 /* CategoryThing */,
			);
			name = Products;
			sourceTree = "<group>";
		};
		EF41F61B1C705A7B0010A911 /* CategoryThing */ = {
			isa = PBXGroup;
			children = (
				EF41F61C1C705A7B0010A911 /* main.m */,
			);
			path = CategoryThing;
			sourceTree = "<group>";
		};
/* End PBXGroup section */

/* Begin PBXNativeTarget section */
		EF41F6181C705A7B0010A911 /* CategoryThing */ = {
			isa = PBXNativeTarget;
			buildConfigurationList = EF41F6201C705A7B0010A911 /* Build configuration list for PBXNativeTarget "CategoryThing" */;
			buildPhases = (
				EF41F6151C705A7B0010A911 /* Sources */,
				EF41F6161C705A7B0010A911 /* Frameworks */,
				EF41F6171C705A7B0010A911 /* CopyFiles */,
			);
			buildRules = (
			);
			dependencies = (
			);
			name = CategoryThing;
			productName = CategoryThing;
			productReference = EF41F6191C705A7B0010A911 /* CategoryThing */;
			productType = "com.apple.product-type.tool";
		};
/* End PBXNativeTarget section */

/* Begin PBXProject section */
		EF41F6111C705A7B0010A911 /* Project object */ = {
			isa = PBXProject;
			attributes = {
				LastUpgradeCheck = 0720;
				ORGANIZATIONNAME = andyron;
				TargetAttributes = {
					EF41F6181C705A7B0010A911 = {
						CreatedOnToolsVersion = 7.2.1;
					};
				};
			};
			buildConfigurationList = EF41F6141C705A7B0010A911 /* Build configuration list for PBXProject "CategoryThing" */;
			compatibilityVersion = "Xcode 3.2";
			developmentRegion = English;
			hasScannedForEncodings = 0;
			knownRegions = (
				en,
			);
			mainGroup = EF41F6101C705A7B0010A911;
			productRefGroup = EF41F61A1C705A7B0010A911 /* Products */;
			projectDirPath = "";
			projectRoot = "";
			targets = (
				EF41F6181C705A7B0010A911 /* CategoryThing */,
			);
		};
/* End PBXProject section */

/* Begin PBXSourcesBuildPhase section */
		EF41F6151C705A7B0010A911 /* Sources */ = {
			isa = PBXSourcesBuildPhase;
			buildActionMask = 2147483647;
			files = (
				EF41F6251C705A9F0010A911 /* CategoryThing.m in Sources */,
				EF41F61D1C705A7B0010A911 /* main.m in Sources */,
				EF41F62B1C705EF00010A911 /* Thing3.m in Sources */,
				EF41F6271C705D980010A911 /* Thing1.m in Sources */,
				EF41F6291C705E970010A911 /* Thing2.m in Sources */,
			);
			runOnlyForDeploymentPostprocessing = 0;
		};
/* End PBXSourcesBuildPhase section */

/* Begin XCBuildConfiguration section */
		EF41F61E1C705A7B0010A911 /* Debug */ = {
			isa = XCBuildConfiguration;
			buildSettings = {
				ALWAYS_SEARCH_USER_PATHS = NO;
				CLANG_CXX_LANGUAGE_STANDARD = "gnu++0x";
				CLANG_CXX_LIBRARY = "libc++";
				CLANG_ENABLE_MODULES = YES;
				CLANG_ENABLE_OBJC_ARC = YES;
				CLANG_WARN_BOOL_CONVERSION = YES;
				CLANG_WARN_CONSTANT_CONVERSION = YES;
				CLANG_WARN_DIRECT_OBJC_ISA_USAGE = YES_ERROR;
				CLANG_WARN_EMPTY_BODY = YES;
				CLANG_WARN_ENUM_CONVERSION = YES;
				CLANG_WARN_INT_CONVERSION = YES;
				CLANG_WARN_OBJC_ROOT_CLASS = YES_ERROR;
				CLANG_WARN_UNREACHABLE_CODE = YES;
				CLANG_WARN__DUPLICATE_METHOD_MATCH = YES;
				CODE_SIGN_IDENTITY = "-";
				COPY_PHASE_STRIP = NO;
				DEBUG_INFORMATION_FORMAT = dwarf;
				ENABLE_STRICT_OBJC_MSGSEND = YES;
				ENABLE_TESTABILITY = YES;
				GCC_C_LANGUAGE_STANDARD = gnu99;
				GCC_DYNAMIC_NO_PIC = NO;
				GCC_NO_COMMON_BLOCKS = YES;
				GCC_OPTIMIZATION_LEVEL = 0;
				GCC_PREPROCESSOR_DEFINITIONS = (
					"DEBUG=1",
					"$(inherited)",
				);
				GCC_WARN_64_TO_32_BIT_CONVERSION = YES;
				GCC_WARN_ABOUT_RETURN_TYPE = YES_ERROR;
				GCC_WARN_UNDECLARED_SELECTOR = YES;
				GCC_WARN_UNINITIALIZED_AUTOS = YES_AGGRESSIVE;
				GCC_WARN_UNUSED_FUNCTION = YES;
				GCC_WARN_UNUSED_VARIABLE = YES;
				MACOSX_DEPLOYMENT_TARGET = 10.11;
				MTL_ENABLE_DEBUG_INFO = YES;
				ONLY_ACTIVE_ARCH = YES;
				SDKROOT = macosx;
			};
			name = Debug;
		};
		EF41F61F1C705A7B0010A911 /* Release */ = {
			isa = XCBuildConfiguration;
			buildSettings = {
				ALWAYS_SEARCH_USER_PATHS = NO;
				CLANG_CXX_LANGUAGE_STANDARD = "gnu++0x";
				CLANG_CXX_LIBRARY = "libc++";
				CLANG_ENABLE_MODULES = YES;
				CLANG_ENABLE_OBJC_ARC = YES;
				CLANG_WARN_BOOL_CONVERSION = YES;
				CLANG_WARN_CONSTANT_CONVERSION = YES;
				CLANG_WARN_DIRECT_OBJC_ISA_USAGE = YES_ERROR;
				CLANG_WARN_EMPTY_BODY = YES;
				CLANG_WARN_ENUM_CONVERSION = YES;
				CLANG_WARN_INT_CONVERSION = YES;
				CLANG_WARN_OBJC_ROOT_CLASS = YES_ERROR;
				CLANG_WARN_UNREACHABLE_CODE = YES;
				CLANG_WARN__DUPLICATE_METHOD_MATCH = YES;
				CODE_SIGN_IDENTITY = "-";
				COPY_PHASE_STRIP = NO;
				DEBUG_INFORMATION_FORMAT = "dwarf-with-dsym";
				ENABLE_NS_ASSERTIONS = NO;
				ENABLE_STRICT_OBJC_MSGSEND = YES;
				GCC_C_LANGUAGE_STANDARD = gnu99;
				GCC_NO_COMMON_BLOCKS = YES;
				GCC_WARN_64_TO_32_BIT_CONVERSION = YES;
				GCC_WARN_ABOUT_RETURN_TYPE = YES_ERROR;
				GCC_WARN_UNDECLARED_SELECTOR = YES;
				GCC_WARN_UNINITIALIZED_AUTOS = YES_AGGRESSIVE;
				GCC_WARN_UNUSED_FUNCTION = YES;
				GCC_WARN_UNUSED_VARIABLE = YES;
				MACOSX_DEPLOYMENT_TARGET = 10.11;
				MTL_ENABLE_DEBUG_INFO = NO;
				SDKROOT = macosx;
			};
			name = Release;
		};
		EF41F6211C705A7B0010A911 /* Debug */ = {
			isa = XCBuildConfiguration;
			buildSettings = {
				PRODUCT_NAME = "$(TARGET_NAME)";
			};
			name = Debug;
		};
		EF41F6221C705A7B0010A911 /* Release */ = {
			isa = XCBuildConfiguration;
			buildSettings = {
				PRODUCT_NAME = "$(TARGET_NAME)";
			};
			name = Release;
		};
/* End XCBuildConfiguration section */

/* Begin XCConfigurationList section */
		EF41F6141C705A7B0010A911 /* Build configuration list for PBXProject "CategoryThing" */ = {
			isa = XCConfigurationList;
			buildConfigurations = (
				EF41F61E1C705A7B0010A911 /* Debug */,
				EF41F61F1C705A7B0010A911 /* Release */,
			);
			defaultConfigurationIsVisible = 0;
			defaultConfigurationName = Release;
		};
		EF41F6201C705A7B0010A911 /* Build configuration list for PBXNativeTarget "CategoryThing" */ = {
			isa = XCConfigurationList;
			buildConfigurations = (
				EF41F6211C705A7B0010A911 /* Debug */,
				EF41F6221C705A7B0010A911 /* Release */,
			);
			defaultConfigurationIsVisible = 0;
		};
/* End XCConfigurationList section */
	};
	rootObject = EF41F6111C705A7B0010A911 /* Project object */;
}
